
Microsoft Visual Studio Solution File, Format Version 12.00
# Visual Studio Version 17
VisualStudioVersion = 17.10.34928.147
MinimumVisualStudioVersion = 10.0.40219.1
Project("{FAE04EC0-301F-11D3-BF4B-00C04F79EFBC}") = "Database_Example_Net80", "Database_Example_Net80.csproj", "{C48119C1-124F-4200-AAEC-924D45A70EB7}"
EndProject
Global
	GlobalSection(SolutionConfigurationPlatforms) = preSolution
		Debug|Any CPU = Debug|Any CPU
		Release|Any CPU = Release|Any CPU
	EndGlobalSection
	GlobalSection(ProjectConfigurationPlatforms) = postSolution
		{C48119C1-124F-4200-AAEC-924D45A70EB7}.Debug|Any CPU.ActiveCfg = Debug|Any CPU
		{C48119C1-124F-4200-AAEC-924D45A70EB7}.Debug|Any CPU.Build.0 = Debug|Any CPU
		{C48119C1-124F-4200-AAEC-924D45A70EB7}.Release|Any CPU.ActiveCfg = Release|Any CPU
		{C48119C1-124F-4200-AAEC-924D45A70EB7}.Release|Any CPU.Build.0 = Release|Any CPU
	EndGlobalSection
	GlobalSection(SolutionProperties) = preSolution
		HideSolutionNode = FALSE
	EndGlobalSection
	GlobalSection(ExtensibilityGlobals) = postSolution
		SolutionGuid = {0FF3C0D4-FA7D-4EE7-8D7A-0233301C27D7}
	EndGlobalSection
EndGlobal
